# English and locale blob hashes from the same manual translation run.
# Columns: source English de es fr ja pt-BR zh-Hans
actions.md 501d2f4fe10266346f86a6bd42884f8ba317f663 80a5f05ddffb70fb6771f9ed5abf7a6684cc6a51 8beb202109abf42c2e2dfbc76bcfcd5155e33855 51b69ebfe48e5a5fa0f90858fac918647c6e9cbc 87a107f80d4012025d75e170273ac2e0f7212144 2cc0510f1439d5a8dd3e37db79728507e6aac40a aa595eafab5d8333bb1e02589a19115a4ab10b3e
authentication.md 4e97c380f0801929465280e9b81fd12349474afc 6e44a3637b3fa71e72590dfbfee94a58712b03ee 19375e6fc7f6afbd45b4ce82d68fc1a810a891fe 58606a628dd6fb32d154d3834a11be2bba1c57c5 e6007d26ceca98b5d6607741e47239b3851971ac f585060a4b9680512c653a72640d73cfee69ac03 3408ab1c4e5024f5f88725ff03d851e6ba0fc7c1
auth-flows.md a9fe3fa9664145d073cc3e5d627d76705a9c9203 92b4f17cbccba0b28d99e3ba1ccc8f41f86c2530 074d14347a8c057748c187a5873df9146d844057 ec8f860102b1e341870bbeb197ae457892932d0f db577a4575db92cf1cee995e724d3c0e652fa930 f56412c2f0cedce6606b48c1c0e4b4fb1c3b29dc b35b11b2a8c7c97d699f20be7f4dd67202f21af5
authorization.md 24e77e5c6741919641aade68e1dd324d0350568a f6399443ffc9754f997afec8124012b7c84df860 102a2cd6cf36c56f419c37c9b9dbf885dd19eda4 4590e6ee425e92fbf91eea0309850c1eafd4f7c3 9263cc766c18d5f9666288856a5e611b86cf3fc9 0eb83098d9a3ff296ade85e5d5186b88d115f70a 95f02af0b3472e244bd3a10800de26ad5867c519
bootstrap.md 6c1f9211c856eff0191be7c398bb766c35a69761 21e8b021b2b34a6f381143698dc1d263191423be 56d33712c397f97cebbd952743184389a2195cd4 40cdf83614189e10be3214a2785ccb5be92d51d2 41ccf3197ee34ec7e35b5b97f1263ab6442343c6 c9a809f2647478ed29e833c5977062b98d18621c 3c54d1e63b916c76ea197c14de9e5783846c06f8
broadcasting.md 3323cb71ab36f38512adc83d2b8446ca5d596b8b c13caa047352d3a471cd7e1e29a48ca2e625eddb 5701483327d1ecfb71fb1cd7f72534c84a9c04c1 da5cb83eed13d4c0950b7e448967e6269dc4e8e6 ba75cb6da2ebe8b82f6e495fd64d0f1e31e023f6 5d508268e809f0047fc6865934b0dde33c79452a 87cf7646bec83753d750e8cb3a4796f0b1ad4b0c
bus.md 8f5eaf5c25abdb5a15490fc3f0487fa7058694a8 b97a5eaea12f80c37d55780600b2907db0874c12 ed1a23c4065bc2be15073edb9bebeacec3e0b1be b46492b7bbfe5c13f79628c63ec6a6e2991f72e3 c0894cdd829800592b26749bdb052f83bcfe391c 8a504fc96c145315bf5870e0551f5bd610c2249e c8ee5f882c869f7f4aa6eae481ca133b14f05a1c
cache.md 860b012f04730ec3ab47d96dc721d1f54f2ff941 de6738e3203e82cafefb1e6142c6af1a4224723b a56e963573a30e18c9ed5db0c93c0ae067c2e982 48c34a36bf9a1200a5d36b6dcb1d3dfd490ec7b2 e95718fb1ee12323dd9a10d5e91417774f234e12 f96a65548c90dee3d3065e68442a5da7ff831964 5151e20723598b6a4cb8164aed7b226e73691874
CHANGELOG.md d22c23bbe9a5adfb43915e73b6110191cebcf58e 3b4219bac0c37c0105b91a6cb03dfede28ca06d2 a0126dc2dd15f77d43ed6cb382a792fed2e7b4ef 6e2c2442fed52b067dee654ff15d9623250672ff 52087e6e148ef8173bfbf054f59d7560ce6cb9d1 1677974fde33ae110d6b7b1466d6d8dbd6c2a229 32421120e33a1986975e475eb0197e0eee08ff5d
cli-docker.md 20acad9ce3df07d8dc23cac384db7733a40def95 74cf31a58ace431c92e8224f1213c877936a0b34 bab640720739db6b9e8d394f8c0ea2b9c6f6c376 a11e71da4ec47f2a5cfa3c5c411477ff20def275 4a389aeee1a8b45263e404cbfc628b7d701dd37c eb69b103c2777b6c56b237f5901df6f21bd1c01a 317bc2bda321a9a4baf92649427c552fefa26c32
cli-generators.md e07eff003872315a85045ff42f3a16dc0eb11432 3595e1d14acefcae085ef63aaddb3b4f37577042 fffcf26d49b2a1aea4f345cfb2e3c2e194bad9c2 b010cf8cdbc7a3da85dbc75c70703cb9c9b4c43b 3a9be6d4f14c02ee96aa30405e31bb81ef566898 039216c36afb34e93ddd117e32ddfff65b887b18 074fbf805fc0bb062e333cbeeebdb809079b56c0
cli.md 9fe766f6d313e3c2d600201be5eac4dee09d9d24 780e77ee433196d2c9baafa8dd6f573bdc6c7e64 452288e9ead01b336fe88f2f43ec55d69028dd15 0f3c10642523f73abcc7553dfb9f2d2df247b2ee fae3a727cea2656cee43a8983625adeabc57e982 bcbb5184efdb94d7a785d43967aa7eae1229ada5 db1ad15fb92295f71a82120825b3e24803237e3d
cli-migrations.md 864833e277a762da3a3049121d0b6cb87df820b7 893b333f5ef0d7c1726c0bb024c83d3967a49b0f 13013666ed60e69b881e2bfc5e60f5ed05518d36 74b76962c4b9f1642aa12aee683a9f371b59c35b f64aa6931ec05954c1ccfe68fe141f322981f54a 4d3ccef26ba0c3f812d0bfeff3c9b3986d8a37f9 af95cf67845e21d1154bfbaa998a057438360b4c
cli-new.md 52a5c7172d4d62cf3b1995d404809cc41b3984de f13c93e978c5b6a08a7af0562f044af0a13b7125 9622e61263afd9ba8c16348e996a5d888741475c 2f23a2fa97e3975d7d7e71ddd252ea7a753e31c0 21af03ff4475bc89a061c448fc55c5abecd65b90 b51887e9f7610ad3b3c3d5dd84eb8f6f9022a6c8 a3771b11f0e645395755ae6f6603d8288f5d16e7
cli-scheduling.md 647a967d69fa2e079d5c42accc6ee2fe551b7d83 cfca54bc947d688f7e818322106a6c075dd856fb 8df76f90ba6c4463dfa83cbd9339967d1840534b 26c7c7fb2e930c8963f90f456351c2f47884548b 0675adcda6dd5e96b377b4c62e062c0ac6fdc874 d9043b715a2edbf85c3d1dc7b9c89f3d8e820696 612f4f7fd4b8a6a37881b7d91e10a9b7bc4263b1
cli-serve.md 1dd4bb01b5fc2377daace06f9d93bdf057f56c16 c1df58f14fa6607802ac820788b6339230e26eec 63aa3ec1bac3ff559c59823a4adf08b32a7b7386 a5adb50cf9689bca311101d2824431675554930e 991176d41ec815a2ef2e450296de285964c4a9a8 e89ff576775f5cc76a5f40ded201e6302ec70781 c75de1cf5377a0b1eeb733c5bc8da208a9834910
configuration.md 0aa7374c02a2274a7a0ba312352750e257257444 b5b85b8e6c68fd3bbef5382e7e7cb5a2ade93a32 8d0c700db4a3c4989877499b1a647499677eac51 d52c5d57425844666e70df1493e337557991ffd4 3ee5074b65361932a10e9ffa0ae33f011152f64d ced9f783cc618ab18cd2c806aebc9c5545a84a24 b5c902de8ca8f928ebbbe52e2b3e4492cb7b7aec
console.md ead1547e6cbc9de1502b97b5450c3baae1c01f46 b7d7e1a3c61fc96cbe2189887ff72d8768ce11c8 6fd7df2e31db729e4f613000c15efab9d22eac18 a831d84896d9abb5d6c4342e4adf6e9e217aeaef 5f7a706f35d8b7a46dcfc89dbe737b556505e059 faf444291713297f6216e8ea75fe6fe51c286be0 5680a4b2b882431e3e9e6509f97a556db713d63a
container.md e9c5d2d3bb8a9a4ea3886f86f2116eb9bdd09d8e 3a8c6c49a8e29b0d5ab27f77864ac1c5a37de697 36ab131a5cb98f3a7791eb97493c76efd15acee2 6287af71ec079f631238d70c98b46d5423258d2d b27499f1878011d597d1f655ec6b1d1daad4e5ae bddf9debfafa22a465c497052fe1bc3146185b27 cd0019da2b1eddbaa71c7fc5cdcb1b478f803d3c
context.md b5a049f735f024a14a188c9243caf31be7cd6542 0e877842fd96c2837585fac5d5349307fe9b410b 5d69c6965a22a69fe0fe7e48004e5458a4ea70ed 297260d63d44289126dbf37f574cc379547b17be 4d7ee808fb622469626dd88d33310a125e3c0273 f4f81234a845e211c90b66b74c42ab2a99262c8c d3603fb46fc36dc9dde41b95d81b53081d263fc1
contributions.md d56390491d60d7a57079d4f342d6c3cefa7623ca 926e147d9ad1ea232be8eb1a02d9a74a367a8905 cec9d2c074ec4e7320938e643baf570301848f07 0a76dc87e1122cd0779653944b20a2fd882b1a91 3455a3bdc87394e7b15544d3fcbdbb4e6f9b6f75 01e0098972db91b046eecacf06c8d4baa5a9d345 9f7a5e78bb3d31e1f2a6722cb78992aa6f346a2b
controllers.md eedb08880b88586c4169b9ce4b6e9cbce73ce2a5 3f937d32a57f9b417264b9e35b72fea9ffada2cb 3509e2842a4c7b665e310fcb3306fb0e3cbb67e9 833b701fcc27d405fcfb066cb349786153b34de4 c3a75e0efe587250588a15d9337ade8a5c201740 4d97c1478939f751bfb85c9f3a74da9d6dbddfd6 11718dfce8ba1802ad696d8d044e0e1fcb40b139
cors.md b262d45776eb211873c74e5468ebbd3e9e246344 c64e8fd4f2075406e9e40a47b5d6801dadc71a7e 8ed769c55ee8f75d01973cf37115fa8c438659fe 7aa2922bddf5a4f72959c9f816a23459463277fc 048b02e7c6c50c63c35f53f1d621fe39688c95b1 22c6961b2e7276cf0f84c8158fa89a7b0aeab47e 9773778caeb052f9d1e3d70161e5d7083e780c5b
csrf.md 7b5a4c7109e4b3591937efe7b9d20c17de2a91af 3b3121fd53a7edefdc9adfafe188d4c430ca2c94 3ab7ba0d6cd5219000eab7c83e87c9f838a525f1 cfb316dbc7c6502c3e439e25fc249425592596b8 e438e1b6f19ccd58a980c8809aed4e97713f8a1b 8c5e66d1db7ba23f7d11b1487bd93a15d208b110 3921e95a17e65cab704e4a0c8386e15ac9f2375f
database.md ae6a44557605fa8f65029e6bc32b08647df841d3 6555da2587906734fee2c743345192b1da2af7bf 7b74b306fdc38efd5f63bb933eaec8bba2bc642d d14f240560a3453811e6c9eb30e04dfa8df89dc0 beb7f9b2fe3760feba5f8c31c47a67f723f041f1 806e592b67756b05c0a33315fb75affde4f2d31d e27e19f4fc5aa3639b5f521cd3d1395eea49eed5
database-testing.md 3ff3ef1862d7d5b295a667fd94a7e578e3b7ae19 b90778eb7f4c03d82ec72c291245698942ebfaae d33ca9e4e2aadf5e847cfe9dec7e1aaf46060dc9 da3badcb749dc4f78836e45992d51b1819721afa a89478b6a8a5c9602f292c7cd295b8bd54844726 22ab3f874847ce9f38ef769d87a0fe6493cd5e00 3b2f99a1939bbedc66335ddd8aeb78b4723ed5ff
data.md 2d290329a23ab3ec969dfef8c54f0c9183e5c0af 5dfd252c2c9b6f9b8df62307f5615310348c3572 b2c2af02bb6a914985dfc4bae10218f98c185c31 adce01478136e52ba53cc7d0f4760ec57f25a2fb 3fd557c54c0ead4a87e56fb3f527c6dc7786c1ac b7f5b49808b00454c6c6a0b83bc67412a3396e5b df6debf83f9c0e7087423c0cc4ba0621798c0147
deployment-digital-ocean.md e5805210893dd5d691587a799386dd7f374e54c5 7e21bb1f73485070642a0fcad9318361d4425d40 5a33c9923bea96a942ade57e37fa900ff64f1cb9 7ddd14da58fcbb6e37d3872e79644404f311c1ae c738045d67ceee62a3ef414e579bf82fbabbcba6 54cd2b21e09727356063534f65850cd8041c3698 0f9e7317f6fc9527467f45881a853b10cb423e2e
deployment-hetzner.md 4400d34b32bf1c00348bd33c47157a42a5077078 02ac90a2678efc8448ca7e144854904c758b5d5e f86a9316bd53cdc4785d3a7812ddcb9ef13ba934 9732b0960015ae95d1d19a945fbae5371560e883 8d64961f2a96629a3fbd7f8b7297243832e91bbe 207691056b7eab24a79e5488780108628a112594 c63067a3ae4a5582d96ab453eb26b59c8220ca46
deployment.md 3d8c09da2b81e7703b9aa9d4fc2462dc1e0cb5a6 3c22d17a02dd16feecedac52630eb1891ac15e9f b626913187aaa6e638185e33fd93cbdccffac3e8 bb54cd199f1fb8b29aaaeb77ac1d22e1bb0aa7a7 3e745f0ee43f4dec55602c89a034a235d2afda61 0743f76ec2a5127b6777b48d4fef015346752e7b e050ddda882b19127505040835c74ce06b7ff212
deployment-railway.md 4b636e24de56bdfeff4d6c7b5d72a93afde869a4 4d2d418427bf997850b5b4ab1bc82e8f7290ec5d baba844e3d98fe950c379fdd7be64ea5602e631b d58dd8e7f0eff7626b6f9a65be715bd7a40d1358 646add62096825e78529bbfc9fd8f2df5d0c62e7 3f50aed04cfc767b65919d99953ed9b2e4925371 54db7fef26af33685b9cd228eea2cb3fa4f43f64
development.md 60081411bbdc12db909d3b297e4a669c2275a8a5 883548a1b806b55f86c31c22e56ea37d8c0f8467 790151525d3a92d29cc4f93cbc8b11149a03b4c9 89cda2120e85386ab622cc690ff7a65fec60143f ffa333d783220b548a5e8af93376b515a53e8557 3422adc2c84ef36e0b79c88fc69a46468a12cb90 24228f0d057691160dd945dcfd0c3181a138b06f
dev-tls.md 51a2a6c62d83ca1f023015b86e7fb14e433d5e7f 164e6a17b6ab69ae283ff05b9d09107aadeeea32 e7c04025c2efe7a91097fa094bc26c7354dfb5f5 30f0aa542039c81779116e5ecfbcd94d38ef6807 1f2401372eec681ac8affe119352835f41666e60 b25d0bc2dd6f6a7c4289cb9829889d094a56389e 2e2a54865ab3c342eb28ca4912420d7d6bcbe726
documentation.md f8e125b0e784e660bee36703ae967dc2ef63beae 51bce74cec6fe792f6d5f83ccf7e1a3f1ff9d327 8e7d7665711384e5992fd6d9eaa9420d188d3fed e432ed5760bdf6e0b1ca23293b9db7812e5e917c a93e323e7b1073df243971e1eb7b4810479547cb e8aa8986a6acce3804ee05122ef10d5e085abfc5 3aeb10dcda525a280983302eac18239ade0189d3
eloquent-collections.md a23c36ed001c9ae043815c634ee5339e4af26fcc d09873c41c6ee8381cf4722663c9bf4783e5b834 f1d8ea8219c33d3f67249398cc7d4527f54c237f 40cec9ade52201f26890d115b9ce97e10acb5ef0 d71278c8bfb7300d99d64c1b0da0b9679d9f8987 831ff00cfd8a2a26576365c7c6728315184ba420 994d07d45163e2e1626fcac9da3bb4ffe8e2e1da
eloquent-factories.md 22a36565bf20ad13d14e4219138bbfea6e17abdc d461343418c8304544694dee944969f0162c9b22 2fab1097e0a79ca0daf48605ed48c9d2990e126c 60e8ee6bcd074fc8c71e12233c7446050307b84b 6921438c05b76fbbd5af5a68105f7e566afa1578 1e84c7083d51cc32d82eae46364ada3f8fedcd31 dca61470206d5bdc776d6f11ae6e3ebadc5ec2ee
eloquent.md cff9d64992d87263aba8bc51c54de21f06f600c2 587eaa043cd3c6356d5b5144f9b0a8909dec8f94 33e80b045b319ed753160010625d962bef4577ed d052af425ed0e60e1e06646bcf873ea4eb4c404d 7d399b6b330e1b987bba2da84f7f5fd7f9475946 1eb644059a22be85c69a25a586a570cbbd7b0e49 6483c80feb59ceed6a6b8a6dc7496b59adcfe4a1
eloquent-mutators.md 22c704bd9fe936672dcf3663d6d9578f7e483a67 0ab70bf86d8e5680793a5e93a0326123b955f08d c44036bccd466e2fd0c3563c8cea7b4f864c7e3f ffdd0d67f0c900369d886478d3c0538ad58a53d9 65648b94995b6a70eb1c405a878164cabd70da28 81c456f54f7bc2f279f0fc16f72fce8e0d675832 4839cff5e96d5a373f1478f60023e57c5270fced
eloquent-relationships.md ec9a40cb4da8dbd6e54f125e775ff84f2ec97756 a84794070222a834d7541f6a1a71060543785dac 82c7bd451f94fab9e33b0ab0b6eed30f2b94ce88 8eb397c59b490fd7c02019f628543985fbbcf3a0 4b72891ae7876ef863bb1b53a2b1037815205cb1 728eef0b22a59fa7e2378eec2aa7d3d05e666174 119bb1aa78e2fef3044d32bd8ab5e2e28c2c7a57
eloquent-resources.md 30b0e08c387c38c27954035b2572d018f212f1dd 641ecd86e69669f2c702587c5ff25f6a2b46d773 d2e0b356503ba10227e43bdcc9c926ecd2500792 c4d2e7217673b144d70bb92ba39033c00c60c8ce b8ac5782d996fb2dcce2fdc9d2c926f881c3f729 9dc3cadec7eabd5bb7d651cfa61a4120ec7e1078 c3a613af7d27c698d7f997842d6cb9f22f719569
eloquent-serialization.md 4f9f60f22ca2d15c68010f960b331da82461bb05 ae79c95aa186e27dd4cfa07b11eaf4e3013619a5 1a0d57882cc89ec3e9ca728f07f408ee62c86483 ca76508bff62da21c692591b98073d4b8a2e612c 55aefa32be0a50fa8675ee31325239e358658107 0dbb4c69d20b7ad2ca4c7aed65519e516ef22cd6 353b5f13b3c4411a41054e2fc7cd3c90ea3e8863
encryption.md 0ebec67a28f4cfbf88ab0a447b83651947a0bd3f 07c73cb72c1067550bbb72590183381573481793 9e254b8829895c91b2eb6af8b91357036e599670 bba418bccd805dbf7ed43b5fe4ce26176f0c879c ce0da7c2663612c294b997256a9b2b7dfd9c164f 730af3206715fe5acbf46c151ae94927372e20c1 33597733e0500b19d13f0f3cd1fc0593b733f49a
env-vars.md 934f095efe2491cfa79014303c6db7253f49f6b3 0bace938cd24b8a9e2671896a9c5b383d9ddd4b0 685c75959f01962033f8a8c7c9446f82476210da 79f11bbe06b768bcc8e82ab2fcc7e1dd95686908 3f390df906d034022db46e06533c8501c1ebc3dc 8466bde319f77cb228e9398bbec764f242ecad7d 804d6fb903c91be6b33524f8a5b6b7ddf2604fa5
error-model.md 6e8b3fe531de86ab10de551b72eaf06a11b630c1 3e10a9a854edc1f0bb1597817bbc39525634c4e2 aeba63446efc51e56c7e7941d7082b629f25d05a 920a8302bce9cd87fcc1d61553e2dd8eb7f4ce64 4da81bf833cee0f6576346b06935719f59a36187 1055a3dacc3e49b8984bbfaec46731fcbf72ef56 52a5a1c871611d463086bb28c41f05917b95348c
errors.md b8a798cbbf0643dbed2f9513d22da1fd98f8c5ec 868d3720f487e5c2a609f086db97bfc856947614 0e148fc756dd6be5c07c80428dde94dc0bb583d7 4e62b0ea2e2c01f0c13b3156d5b8efac9148d40c 61d4d77bf994838d9e0d46be517d8c2981f6619b 22ccde26a5dc828f07593d58623c033aae6aad75 8fe24f5f7e976d70b9f704448853fc9c93b3f703
events.md c3edd9df5715ec36bc47d336cced4e3a10aea6bf 49f3cbecfbe617ca3f2efaeac8f1e7c569346a3d d1614e9505b97ab867a954882a44f9019650ebc3 8c47f2666afb5df3628748f155acae395fc3b000 304c5345ae2692b04e4b1c5f143ab6c968d8fde2 1599e1a855a25ea0bdbcfc04260a41fd906eccf4 a891b8a71ee6ed88f604e69d5a3263344f6e8db2
feature-flags.md 7e92a88a7eadf8073e45332726b407f9b0830cab a7b2f6bfb66116385c19c0e2a871f3d2c9441acf f24b55b7057e9885ea3aedb671d9c385bf688cfc 75d40a4d4221eef985e2e1309d1fb0d8218471b1 9f381787b206464253b2efe118031282674b8118 9e1d3d6c931f706414958936c547066132df5b86 8746a1d1deb8d05da2a1181f7ba77424f80d5fbd
filesystem.md a311097775c3e02e393c3a259942f8594f754265 a358d865850fb7c70480255fde7222dc3dd974a1 f9c6be8a1c02f2603d1f6c2ec118d1534397aa6e 1c16e91344eb356a8c6c575a275b004272ad4225 2aca7846b371b67592d81620d9d6576b2af02a5a 1734e37289f6b3404588d7d2e2b6a1b1a7eb0500 890e85e830ebb16cfe1f4a403917c3192d122488
from-laravel.md f237c5be1dd47a1edfb92aea50251a34adb17dff fade2fce10ac9a792fb402c768b3e8adca0047b9 43337b13115ff23c6e75de3d3da7cb142d4f8c66 da8052202b051fa5f9fac22e49386a11858da6cc 252288fcced8090a1482ae567472c3a7016ee5a6 1ffdc9227c6eb875513aaf319e2d094156e43d10 e7d704cf69b5cf3b84a03c21925bb6827eac6f37
from-rust-web.md 05583ac6d1e6f15a463a8f0251c8ed36aca69608 a2f9f317aa2f7d19ec0b86f4a3391084737f084a af75122310a4446d1e7631553499a0b233e0f5b0 b40bc0c8223585c72f892ec2b32a288b728f90a1 0e86c994e67674c0b4c57b6d71e84b2261406853 e7c26bfa2aed7b47290fc32128fefe80be2d5344 73c462ae9345288aebbef45e6a9e7a44845753cf
frontend-inertia-responses.md b5b9c855c8ae83a554f08b0ae800d72a5e26c49b 5d64a2fa3fa9981a1d6f676f914e136d800cb567 1e627635596d305b1337636e0ab2d13082993b24 453c8416fd232074e2ed8dff6bfbf57176bcdaeb 18b915a92cbbd02ecc0dd25dfc905171cb2bf868 adfc4653352fd055049aed117058555918fa2dbf 44b16fa4b4fd1fc5f61cb187c1e02e99f378a18a
frontend.md 5853b261fd318568d0f3f8b41b3e71a234a18e64 f4131f8635280013415b0a9256b5b4cb93a64080 079f0a785b382f102d5989a1f3d9155bd1e6c348 8149e4570b3c11d0df75ca547438517d6370cfeb 81d6ecce8c4d4108f713b1f047c4327b4cade72c b413f7af1ec3c96dbc022a5696c41170b45b3489 8512648f94fd72cd5b488ec24b1e1a631f6f5485
frontend-pages.md 59a0f4707e748564bc0e749a32043273e0fd3b08 aae84f4e5e833fd96c58cc5dcd7aaf675e830f86 22b1180660939eb4de016f8a3099e698f90096f6 7204bc18701a467902b0362a2179c99a43ae1880 2d0b90edbc9a3a116fc0d7e19c19569aa68c25f9 bd52f47fa044f1bd176ab10cc0c48a4995273f9c 4d01923da11ffdd34f6bc079e5405d84ccd58b3c
frontend-typescript-types.md efae66e08a160851954589f4efc44448980b5625 e80cfb19fc16ef13c2be4b92103fec046eea0217 102f09f2b0b7b0073586c9c4144f3ffdef311f07 92fad7d5bedd9114e4af7f084b287109022396a9 d036271fcab0a6497601a57a4a8c5c14a5b00988 416ac23e4473304d07c0ad7cbb6478dc2c92001f 43cb38477f747b7ef9f91050f6e2e7e0e832e4cf
glossary.md 7cd55c38871e638abc98dfebb918236ae6ffbecc ac25e702005cea2a0c24dfa4471929bced2f88ce c9ff2df6565ecb76157eff80f05c6104358fcbcf 03d9785a5fd86f68a51f1c7859c0f5f01258c2c4 5988e5b25151098833ee951f4aa695eab77e99e2 af2aef7a490746acd4a5cfcdaf4a5a55be02df76 097e49915ed1b35a9ab43ba2a5b2f90449f986cb
hashing.md 657139d9c00f761b318e3a8f6937a544f1113958 e991aefe717388ba55398907015eed48775d269c 6d11ccfb2ed47bb89609f5d6d4d6811577f11b41 145f269449c8284df24ded66693733596713adbe 3b7b13e89bb8fff91c417b9d940de72664aefdaa 5951116092c9508746bb29c963965a24b48254ce 5e14af9e7db383c2353ea69fad8f3a35f2122fd6
http-client.md 9143ca38353957e4f45a6a07b6c969f1b14e9f0e df27312f09c1ec89900ce30ede84f886179f25ae 0834c4652704b7d550c6ae9ad436773399013b84 561c0a0bff9f1c304670b6aae265f64a580cbd1b 6c064591a77cb3c0df7a9fef9cf3cac77b2b3bd1 7c517baa42a68b7e783ec31436d21f374dbf19d1 b3cbcaa5c619288e6633869c52c61b497790b4fa
http-tests.md 3afe4d26dac73c9c664613ac3cfaae55f934762c 2f98ebc27d6a2395086ab61c7ac5ca48ce4d1202 21f679885381c6d996ff73846662747918a2d5fd 83b0a5075929eff652945c8adce2ef684b0ae29f d89e30aedd2a4fd14ce736de88a1a3fbb407284f f163f62b5819673f8372ece9ad2a2e767246792f d4b3f09a2e6ffb00ee9e8f311b16014fab0f3ff8
idempotency.md eeb248a69f433e167477e06f5fc2aa7d6e7ef5a0 2cafb92fb267e44b01e201e2171d366499147c2d df47912695f309f08db924584c444482f123c650 61bf5fece12b239650c9b70ad690fcaed604cc4b 9fb1bd06ef28bb71e937382df376b9fcf9631055 89dd75b4d0db8fd875616b86fd28a6a2d14a00d2 d01eefb6af69108dcff17b4b28800a7c3d36191a
images.md b0408795180f2988766f575c354df974a6d70874 5a61a432ac8b3ccd45f4737576911bf6b82b50e4 24416e2cf338808146dbe44572f5c5420ae21cba 0eed3472269cf507c8b9b3772854667e9037b86b 0b801c6bea8dc4f2e42b0593c27d668d6b86bddf 2f7671bcec2e51ee41303a3973f16d15116ada2e ad2a3c31b6ba0a7c35a932146d668f43b02174e1
installation.md 0ca31af76fb3ab2d3f1e4a27249ceaaf9b37c88d 0470511fda73dc93e60c4483e1a5e39d3c167714 9fb4c5f1f9a9346c3a9a734596fd1d6e68f20584 adb575644bdae1a24d1104f776cd745604c5d990 04eef63d13f31c199edda098823e6af993560c4d 94b03ac3ee08ade37756b20ef6b4b9630cf43ff3 b5a20f829e787e9dde84410ab2a20d54015b739d
introduction.md 96beb91a5a492f8e23736536ba57529e2160d3cb 950a49dde02640712e08cfc796a5209d29962bfd 4b6c986dd076488f1ca02732f7af59db0dc508cf 9e57978f412dd47ac3b10d3f121e1ceeec5251a4 9a6e632fae378e7ce8d9247de2bdb7dfc4e4e46d f8cb710bfd96576570c353c039434e9be57766aa 9ae98c5b8b7c9fb6958101e9179ea839318a179d
lifecycle.md 5c42e6074a05ce44cd93c3b87e474d73c4d6d9d9 89e171b78e351c1477b763530162b221c88a64d9 2e14c42148016aad58d5a7a54cc614d8565d350d 45c2278ea3bd5158e41b02d976e62855daaac3a2 ca7acf8b68859942426c1791f72cdd6298b1df68 e884d0483f6951db54decd8d0c0b286ea29b395b 208874073dcb172b94a20f6e0f965505b2a7c261
localization.md c5ea440e536f9dafc657cb000af7968a8885fc18 5b6222d514942faf99c7d45868b43c273e76851c c8262de30cf61f6265fb9fcfe1787c65fba8ab56 f5d9a7e0af21a8c7f323f4a3efd9075283b0011c c7dc1fd1419f2856c9c3842303370f0826aae787 233e07ca70118b9e8410cf56eee53af386b43e3e 22690eeca984f23c94c2dc3ecd2e4ca057becff4
lock-policy.md b8d6af0507028f0ad2eabfda6dcb4e90e8b00e04 65fc844ceb9f42f52c21b2fbb5322ed506295224 3405e43aed3b62308aeb508a43f02cf6d4bfe638 fe38d1084babf30eaa713151245996836a2e23c2 2ce225eb412296b4066e2929c436fe79a37c8201 565ed2262259aec24eabacdcc399c8c1e70fc805 0cfecbb80215f29a29b975f9760cd38dde38fea7
logging.md 61f1601126dce837c97e9bd1cbb1aa33d92d258b c93da1a8d27ebc19ab019230b22c166d6fcfec51 5ad616b3c615a3473757a19a5f5c6a38c193f2db 2c93d6754504b526fd8703e006901360b3353f22 91b7f822dcfb23975dbbb59b659e4d02a240751f a7c744d1fe593f233d12b7479f04a3aa63bcd50b f3b5d9ad7da6046ced17105ef8b126bebb7e3ab8
macros.md 0e99830ba4ab98aa04d964e6576909b4b5ea2662 d55386fb577a9871ae3c6a14b57904aa41ee3c31 7a29e6eab4ff849fc825558687c8ea45c4e4fb51 4193696547c68bbc04bf4b67f5a71d3ad86450a5 8e3b79ce759b0b13ae3cd7b43e0b1c0435499be0 d9c008d76b9b2a63782878278245d49e7abcb1d5 600bd0e9bce20b92bf9d70896d32864730a2a932
mail.md cc563d5b566dfb3e4f23a1da5f2900658c38bbc2 522dd389ec918e09cd42ee0be806cf80a8d4d3af d6456fa4fa35f50e538278b4405bac2fb0d5bc92 48e08bbc837a511ad5d1b841deebbd1e3222dd7e 698b8e04696f5177294ac9d7326583c89a3e31ba fd58b33fcf3c7902f1e2465edae3549e70c1c98b 5aa9401a549a404c50d373e6820e5604afbc70e9
middleware.md 5ce98b4897530e49ef722cf199601640f811bb0f 93980b729d0a00022f7afda4d173b2329e6c31da b0eeba09997fad116f44fc2ae0697609c08b1dfe 00e5ebe21f63a358236c684394efa6a48f176fb8 aa35d2ed3c9071267bfe819fce40dab956a5111f 448791a61ff153e4140a929138c31b6ae99c9b8e f8fa9e0276fe1a6df48b0c0e320d43ca125b55a6
migrations.md 708d963582d7de8c47fcc90aaee9a8925b115515 4d9f28fb1dc3b6b0a331ba3df3f1deb821a1f91d e8ce3ddec7857d032ef38bbadc3634fcee1f3f7c b96d44e6ec5218a0da7fe287822d850efe5c4ad4 3f7839d546d07175945d250dc63b95c763ef860c ecb3447a38f1532964b57478d8be7b2703f1fb26 0027da3caced6114f662d01bb9acba3c8a46dcc5
mocking.md 3852a1a997b71f9463a1e6a4afa41eeb20f6a6a5 1c4a9ee5a20ff14a5d92ccedbf886eda9782c425 51e55b80ab245b68165ec82147bc2fa5d4b60cb2 9818cbff4b6a79c85b361c5e3d5ad1d388fe0681 f90a5e138b7ce278da2adb2836e34d5a256eff70 dfa4347c49832bbb55284c06f1b6f3c5089a4577 a58740eea630a81ba5ef2153067e25039afe34b5
notifications.md 7006745e2375ef657458ee0766683f0a1dfafd3d 90c735905cf4ea9b3be06385f4cc84f8abe7144c 8c4f248c26f6d38be92eb37aaa2fa3ff9dbe4454 a92411a29300c3a935cf8cbc3917b5ee9aed0a9e 593ffcd71efbcd5ec2b640f4cc8843eed6fe8708 4b6ca24bac3f421fd770c7b31928242d3c984e9e 04de705bd6f670ed65e1f5480abd20eb1555b527
oauth.md 54438cf717d1c108eaf47ad386efd3bdef9440a1 7c735fa298b735025fdd87aaa9f629b1c4b9b007 55109255cbde026c4f1e11c287d1ceef8cef03f0 c45dc4453b0a35c2ac73fd334dea2f5fb7c55a1a 1c2adc0229254f9f9b10b071dcf2a8520b51b616 d198c92539b3e439c8637de253c0ef010b1890f7 774c467d70c0635abfdf8f8539aa6895d8f6ab93
observability.md de3f7f7d1338f227882550d22989cfd4f3c99ecb cdc4ca9ffc042ede3190bab77746dc85f816c69e 81aaaaa0be7251e0c0c11dc01902f58f3709576c c9923254e4cdd73068671383676798374f319628 9d51283b7e27993036331eed53e4e04ccf677f5b 140c67b06387d4494889ed2d99d17841b2b48c6f 40c941ebbe7a74a1cf24fbe76bff112842f6bcdb
pagination.md c283ccbaa3e65b709129edc6e1f601413528ca72 59462cdf091627da04b32f17af29c29ddbced962 2ba6780ee2d98833b30af8f9c2f4b89074016140 bdea8fbfc2303ba7e236639d6c952e8aecf14514 b9dd99d8b679540fce07ad825879ab0aef53ed4e 3b3edd1f1b984779a58c17f8410248c2a0d78a5e c15c22f7f58f995ae94399af0abcead43db05f5c
parity.md 56b62cef32867a64d6c7b2065ffad1f21adcd9c6 3aa2c3815b1dfea15ca487d973eff81de4cca484 9a7b4fd3f5a2cbc84a8257e5c5309de3282ac479 a4e573a5baa318bb474e79fa362511264fa5e5d7 5a90da9e52d0a1dd423095527e3633015c20e6cb 70660e7a64b90b51c59e0c5c796a28fc759c2f5b c101d3294a24065bf0598c69a7431ec692f64f43
payments-frontend.md a30945c178dc4d889dabe8c95793a521e510091e b5d2c24925d023104c42efd8339bd576d0906055 ca566c2e94ec31b307031d47d1bd71e8748b0c22 50e88423bc6a2de4f25df5b6ba0a3d95a49f88c4 efa50a9445c8073996517499a98232e45370f02a 4e21e853569e231475cfad809765757259b3ca24 00b58c223014afa0abd04f58fdd131a9b7f73eb6
payments.md 536545ccdf81f65abbbaf2b442c9406696766261 5967794c6fe5ba782c5cfc4967d76bc049dd129f 43b997f21ddbfc100628f669858e65777af3b9e8 2b08078716b6832ca89dd5c35e73c5f6a983fa81 1f7e4c4ce310cef25dc61e4d7e2e4bd1cc622173 d7b75ebf7e4a2688a5536a821140650bd48ae1fd 9fdb2d069b52b09061dfde7f1569f26a783403ad
payments-paddle.md 4f86cbaa13c8881c243d377413bb2f9905cca4cb 103a17452b0efa31529f018b14ce39518fdc7ef0 158ff00dd97d09594cc2083df5e7c4ad51ab433f 2186b53ff752fe22679080012d4d14b0b7ceeeaf 1fa6346cacc18784bcd45c61c8470139113f3a50 d1cab6d6c2da34600dec72991b67b953d797e24f a741231888581e2f818a071527990be362c8b237
payments-provider-guide.md bce967a1014bf3f672ee01ba2953a3714d722185 8689bd11c5b3f9af3b21c5f83d27ad31f8f61790 41d4fe2d8783343700154d480a42353703321b09 512d14ac8eaa684dc8be7cdd58228f3a8f867bb3 f35f581f0aa8c593563426a16360184a4590a091 7d7d548bf23f6549fdc8c52d77b72d8bc8da24a0 381414314b9ed97c767c478ca9f7b0570b65bd2b
payments-stripe.md 1fdf85d6dac994a89d298c41906ba3b695a8407f a3a1433c62663876a054c143d7fb0b8240e186b4 576fef41eed725b2ce5966cdf35e433e514dd74e 5ab18c4bd499bbce22ccadf35883ee72cf0d04af 03a369ba6b4f8c2b6fe7180fec43ab0ae41026c0 a3568e50c52b80f973d26e611b01c68c3fbff56a 07cd8375b51b5c71a0b9836d6fe0bae51d21e756
queries.md 766a8b33c165111f7eaa1c8becb2669fdf011124 eb62097737617ee9dd97668472842b46d701b30d 77ae36ddcddb201dcddf613aaad2c257a1e83b20 dd741c9a282ca6beb10cbe13db5b05e3b0c66c01 2b72e3014addb9b73dbc2f09b0a780edafa87801 c728bdc5cd9fba360b17f9d7b41634773d7c8d59 84ebc043b70c1204424b079623429bb201776684
queues.md 55d470670caaa4c1a199725e4787aed0d3c77769 d6963cce71e52dbbaab055cfb0aea11482d884a7 0d29bf0e0ca6fe31ae3a70ac44e7e049f563dd05 33648c9e34b230948251820f668fff8913b621bf 243da1197a85dae64842600adc64e890ff8abb46 26b86ca0e37ad4739516c3e7045c78502667ca9f ba4afbdabbffb2b3f29838806c64e347aa84cb40
quickstart.md dc07e274d57d87ea6667c4895ed416473d6c7c39 a26b8ed0431615474f6bdb87b431cf321d28ebbb 68bfb0fef0682c60996f2c26e0de878bdd316ea6 9717f674592f505a0f0a70a392866101294834a3 4fd568527756191e0003d99f2afe43a95771741b d9c260f4f3f692b947941aac6732045142c8580b bf0d2f89bbeb8ea24f8f06f5aa0ea612fb7d7b55
rate-limiting.md d9576054d47dde46a84a860af64797426190dd0a fd5dce1ba5ad22447860c98dd75b8c083e6d1fcd 1e19e51c24ef17111cd4c40c7fddc145266b2179 0e0a92bc9df6f6c47d95e7ea5ccdf3608f8e81b3 588fdbc006c352ceffb1d0cb943a3ac756283235 d8dc90a29743b4f187742e5fe4ce9ab3075cf531 9d9eba5f5e48d9f0a0fe342cffb20931ba0963da
requests.md fd2c5e9cc117f649c64ba06319f4c39d99b870dc e0a2b72dc477c15e862fd1940ee4ef6202dd96cb acd0e042598dc6a4e11a5e886924c3a329a5fd76 15244e9b07c9eab1e39de68e8ff58c17fdda65be 4ea800a13cb18a298979b5840e244a882c3c7b57 6e19952c661e25e2c488ff1ae724d296915bd537 a77a2b61e2a3371513b24ddfa3161a70cd868f25
responses.md 930f930371a177fa0c4b3cdcab52b5f2a45da398 47c2ccfbeb36b28ec97d4745f4f87ab4e91f7546 8a76a4c80e84cdf33baf0cf900dd3700b02bbfe5 d0e18a6e8154f547ef0671172507635b033372ff 107765d8738342776bbda3a280a60c4f5514c3ef d6bacb12748f18563ba9e2f8fb357226ebc29f2e 7b0f9ef0f5e9f795a2d71bd4990f5077f0ad8a80
routing.md 317e9aee98aaa5e4781f1dd2b33f76ccf82b4c5b c1b61a50f3ec8adb9c23f0b71a01bb0eca03cd07 c856e68009b80f7c59435911a791f61c91bf4319 56f271d45575ba4bc711227d6b63c0c14c1d3fcb 67228fa4c8ecfb1ff1264ff406415ef953b6a477 6f02e2c33d0548d16b98c9fd03189910e9a489e2 ee5ce649f6d5a1d9c0e974da5b13c3110bba9341
scheduling.md 9ab129fa32ef1bbc4b3c4564f70d65c05a642530 726634ae821d743533b19ad840fe69c57dd907db 9c738f504d103e984b47c4320b8271de500a31c1 b95c534da5a6743dd2a852e07f7cd510bfad440b 098c454a5e1ee98d43db5eb6760801d7604feb53 0fe45debfc8adab526a66dc9b30062e529b5fbd0 1b20f64c8f7a316a2ca76bff855514eaea87b4a8
seeding.md 2bbdb3ab357f4dbef28d2118e4099d7fe42f2056 739cefeb48d4c91f991e2458c099fc883a9bd97a 85424d8b377669b434a78ae8782c66e01457e0d6 bcda46ed57bc78a576de6471329d1976e49fbf43 1f406c9234e3ae876f4ad7ecf9252af6c14aecac 8e516d66615693504b46ed36efdaf215c7578df8 6f1ada704b1e76e980e9abbb00df756e20870095
session.md 67bc3f8a3591293c3ed2a6ac95cb9cba51f129d1 797148ef8502081611f2ffad713ed7c3ac8126df 20548339a6d11dc808b82bba12a34daa6e241507 0d40bb6ab5bb852ebbe43e789106bca69762e7fa cc9bf8fb95d525e9a0e5502828417767545944d8 2e2f0797a38f4253a21967faf6fa116b840217ce f441b121d307ef869e5eb5bcb76509e72d5b121d
sse.md 04bf5bc297819b5f8a6f679edddc7b82ce628277 42f53d0653ce2937fa97a06b9bf34c282ab94729 c318707f262ad36ef02b511c2360bfb1fec8352f 5174ae943c9a6cb6d2ca983785da06ec99c9d33c b45431cdb7de28011ba6aa765ca3a7cb6ca20c61 3a5e0688217683b99a99e3dbc5a77397679db747 5ff2cdb425b3c5ee61cb1dec94114e6c33dce71d
starter-kits.md 03346cad7003acc5a8b889989bbe3c7b356f5857 0792c186ad7904929e94986bea6a09d08e376bf4 1b87bc0b2dd4d1fb270ed0c585b78e226079411f fd65808966f2deae39b2e1e99bf6910446fd7ea9 0ad0df4997cc087ca74bdccdccc830fc2aa0d742 1f04e2c91b405e67efcfb0e587cad6d273a6f054 57c0617cd40b2a4a76d728aad5b3a80dfdd4c67a
structure.md 46b9cc0be78933c5390ac9d217b2b74585aeb165 148f7c1d7ccf553a0f418aae6fed132c277a78f6 79f698f95c6a52e3dbf1e041c4bbaf4a6561f5df 79b229996afd02334efad9586f80185568da4caa 1cdacd1458f812e49b6e6b98733c8e74767a6eca ee78119b6d7e27602adfe55fd9dd93fb9f768a43 af4316de8794dccb96d96f93f975410d621dcece
supervisors.md cf6354ee2decb651a11e092c025bc2004125248f adc7f03b6d686b63479b6a72fb7c8d672b9126bb d523b59ed19ce0dc6ee0118ca9e6b1c26945c340 ed7e9f55abfa20c69c1dc8e7a04e854eb099229e 4d9b91a8271d14be86b7984fe5b2cb30dd326b02 fff97139aebf398dec43ad45baea6424f810a35d 26fde2e0f3c01e255bb258d84cbc20ebb47bb547
testing.md f0f997ae98501c5d7cc1eaca50688446bd9b1156 21a41a8ee557d08700000b13a93a812df1c984ff ccb29557fdde89df49fedda886640fb7a6b5a4c0 ee5dc1fcb8096978ebe81b91b4a95e5fdfebb141 3565b52270da35ded87638e49f510df0bc4e8c86 51582c9addc30fa127d45acbe15a6039d0785a57 5d8ead3e096e84586cfb4f2eb7773cc99d06fd7e
timeout.md ddfe9b3677a265149357f9b9926351a75b05611e d1955bc7827c4113286462a56c67aa19c0384676 8d3f4a69029a1c905f169ccccf428cec1d283b51 456a83edab2f7da4ddea502d0eb2d030d2de5b9f 99a0707ad2b7000484fcf2190ab73ce325d66eef 1af625f7d99fe241d987cf91ac9763d0898b7ea1 efb460ddc179b5f6c9e60ba3d723f09edd79fd0f
tutorial-inertia-crud.md 2d22ef6a1c8677705bb98d069c22ccd3beb4e524 d68d62bc65f5601c9807241265a728fe508dd121 1a6864660326fc823c5bba073a3977f3980971be a628afd9b9cce401c79536b00aca149c80ba0c09 586b5b25ce5d8dcc522292d0de668dbe039f27b7 a0a8bb7e6b1531b3c76517a25b09a4a8b4a7e0e1 abe6d728c1dfd8064c46dcf16ad40fb79fb185a5
tutorial-json-api.md e68423df8f5f014f52b4611784ae9442114218bb dec4dd7d1b58d7b5b527df03d91cb603e26d8767 0300523af5101a7112130f92da64e6ffed5ab2dd 7ccc36f3031b671761fe89baeee577322a5ee444 9f2a40dd253185a1708c94fd4f477621a0b902ec f5d3ff15f78ea3b21740f74bef9277f40caa421a 76df8dffda71530f6c1aa32d2e018f17ad0db381
urls.md da5051a9021bb6aa414d1894df94c889e13b6d92 168e6e3c3ea6e85d52da1a83c1a34556ec74593d 9921ced0fb313c3cfc4e297283364c131c6559a6 f1c3850a9c68553f7c1b76cd8e4c075a68a0013e e471a9af55a8edae563882540ed385d6adf58ad5 5690b3bef85e795d849816e740c778b5d84f5db4 d62d279aa90d46b1a52856ae4d1b3e0eaabb2651
validation.md 2412e446a2e00e9da0d93ac45d0884b350665e38 775a6649393c8f012a09abd52a3ca625667e1411 48a68f5f4cb9bd8c46f050d9cf2101139be4e943 fbbce6f868dade55dcf7324aa82973cc5c95ec7a bf9fe4758fb8ccd73bf6e19c401968ad24483521 91501f065362009e4a4191aaa400a8ef2b44ba4b 6f14415a5d44a36bc44215cbbbb66ce33ee07990
vector.md 96d1e34f5c6988d74caebe6a915535a320dececb e39143cd9427ace64a8bc6334828dc82a351271b 946d1f41dd60189ad7e7588b4e351e0dc17ad679 1b2165e71ed204d7e6b1527996fd254463f7dc4e 0bc9ba4ac5ffed5b0ecf587da743d10247ccb130 78d57d7a5a7705229e262d1243deb893b63cf023 ad85b05fbae89668c031729cf73e952bbf94f0a2
web-push.md fae3e6b5be72eda5cbb9bbc80d972b9651c06392 e85f7de77bef7e50587d3a161b5943155151e33c 70e89f12aaf2c5c4c851f34fa8f157245a8354eb 83c128d0f6d9eb0d2c8c956b9eacd4e80adcc109 e0398a2e2f9e5f74ff8ec7751fcd5986b7ce597c 4967648af110942dad8b912c445bf32196b95a36 a4132785310d7da2efe7e2a55198eb661845600d
websockets.md de3c4d4601136dc1c37e33219538ebc8c0896ab6 1d30f8d4af12605fc61edf90f69facbc332e3188 b57368c67d9eea840fe76c01c8f68ddca0803fc2 a7968d73ab3b4eb8d168c43796becd5a3387436d 0a588b9141dec0e71b7a648250fe380100681d59 5552d02fd783ebf79a08a8e59051fc93ab2138ec aeb62e57982a6f1719e4688069d999eafc21e8f9
workflows.md a6a566802293b9da126f01cfa9f9a1f48030f5a9 323d66824eca790a6920542c05bc2d72fb4776d3 0ea7a6bda9d5205d5ee20607e2a7e6a9d12a0266 f95210c51c7ba7d9ae84db71cc5e02711880a78c 2f4a769d08bf3be43ac86cabf745c75ec2d8b141 04cbfe0eabcf159fe93ee77ae3a0215fce258b2b 60df3b7a7f0b347d37c2802ff457411d5a963821
