# English-manual blob hash each chapter's translations were built from.
# Maintained by scripts/check-manual-translations.sh --stamp; checked by the --full gate.
actions.md 501d2f4fe10266346f86a6bd42884f8ba317f663
authentication.md 4e8aa8c81f9b3aeb006cdd5dc6a28f2e2a527243
auth-flows.md 08fe555d0a1387687f6ada786260a2285bc66b20
authorization.md 206e7bc6b6ecd352d5c8e674d0ba87d2979a6472
bootstrap.md 8740b65143d45c65132ca4d7d4f40afb2a47b160
broadcasting.md bb3c87ef1ff238538992eb12cff5632e66f3eef3
bus.md 8f5eaf5c25abdb5a15490fc3f0487fa7058694a8
cache.md fe454dc211e035486ea6b944950fe88e353f110a
CHANGELOG.md e527f5825cd01dbff8c31197a1144c1b134bd262
cli-docker.md 57694542fa57755ba6484590c6c81e95fbce077c
cli-generators.md 7bcee1e3f28e9c05fdb5dc65da3c83a3a36036b5
cli.md 7e5d9d138b8404ac5d46c08c77926fab81b99aa3
cli-migrations.md 864833e277a762da3a3049121d0b6cb87df820b7
cli-new.md a43d3e775126c3b4219ad4c38b45f0fb4669e4ad
cli-scheduling.md 837c5bbb7767380b34c488483f11790f4e5c2690
cli-serve.md 562ff250e3bc1f3d5c3ddf8ca368772a74267a60
configuration.md 0aa7374c02a2274a7a0ba312352750e257257444
console.md 7d52e3dedd4af43c36a4ebf19964aaed9047fdf7
container.md e9c5d2d3bb8a9a4ea3886f86f2116eb9bdd09d8e
context.md b5a049f735f024a14a188c9243caf31be7cd6542
contributions.md d56390491d60d7a57079d4f342d6c3cefa7623ca
controllers.md eedb08880b88586c4169b9ce4b6e9cbce73ce2a5
cors.md b262d45776eb211873c74e5468ebbd3e9e246344
csrf.md ea4eaf4163a86d73bf01f2f4cbdffb3ef16a9fe3
database.md 2e46a357afa1cdb3148d4105fe76ec3a76a384b7
database-testing.md 3ff3ef1862d7d5b295a667fd94a7e578e3b7ae19
data.md 2d290329a23ab3ec969dfef8c54f0c9183e5c0af
deployment-digital-ocean.md e5805210893dd5d691587a799386dd7f374e54c5
deployment-hetzner.md 2a2c8ed763d7d92c0bf64eeb8ef23e4f4eec9502
deployment.md c3d0ec061e938c816a9adbf22bc6b5d823e024d5
deployment-railway.md 4b636e24de56bdfeff4d6c7b5d72a93afde869a4
development.md 60081411bbdc12db909d3b297e4a669c2275a8a5
dev-tls.md 51a2a6c62d83ca1f023015b86e7fb14e433d5e7f
documentation.md 40e8590ae788905f17421cbf7352dbdc8ba7a564
eloquent-collections.md f6b6886d5338cc3b5995e85093d235097508a21c
eloquent-factories.md 22a36565bf20ad13d14e4219138bbfea6e17abdc
eloquent.md 95db602ecfc865f4bd6dd88d01a9ba3db110e979
eloquent-mutators.md 22c704bd9fe936672dcf3663d6d9578f7e483a67
eloquent-relationships.md ccd270a47b4585e0ad1856b3c18f63b3eadf3069
eloquent-resources.md dc23c68a14436af0d69457c69caf17e7e7fe7de3
eloquent-serialization.md 4f9f60f22ca2d15c68010f960b331da82461bb05
encryption.md 2a8cd56f3b1105b86b1563c05d96840020ecbbb9
env-vars.md 604d60eeb1db10520adf3d02ec7b476262f2ef63
error-model.md 60827cf6ee4b7c36a391fd67bb63e37610372d56
errors.md 1991e16d8f6dd88401896d0203943c2ed7966b44
events.md 1ef8c3bb5afe229e048a0c24832b7ca30ed825d6
feature-flags.md ac3973e83ed9d8d28a8daa314e3d248fc8cf4084
filesystem.md 61cd2167fd8ff9751a75b8e20012e2c03a736dd8
from-laravel.md 4fe489b6993288b2d4ffaa55ccc8bf027853945f
from-rust-web.md f62d8003fb12ba3cfdd1ca7648c9de71689aaa02
frontend-inertia-responses.md 645e1297af8752dc38e345b1b41ba6e597ebeebd
frontend.md 7282f2a5e9e9553adc3a2a371aed463ee7573756
frontend-pages.md 59a0f4707e748564bc0e749a32043273e0fd3b08
frontend-typescript-types.md 8306587e9cd6f5cd883f7b707958d51fac587d4a
glossary.md 130e193833e52d2198828b614f276c5837f6135e
hashing.md 657139d9c00f761b318e3a8f6937a544f1113958
http-client.md 8185b4ae445ccabf43ea87fe2882d8e3dd54638a
http-tests.md f0f99ca3017ea3946a178c5f062afbf4d1a42790
idempotency.md eeb248a69f433e167477e06f5fc2aa7d6e7ef5a0
installation.md 4f8eb424f197888199886ecea6d97081ec4c2f08
introduction.md b33b24bf66e3d8c130ffdd938b84586d5c111dfe
lifecycle.md 5c42e6074a05ce44cd93c3b87e474d73c4d6d9d9
localization.md c10c3bb0d8fde1ff2ad8b8c0b0a20d0b2b10688a
lock-policy.md b8d6af0507028f0ad2eabfda6dcb4e90e8b00e04
logging.md 61f1601126dce837c97e9bd1cbb1aa33d92d258b
macros.md dbb3df642ff55fa9868c351b7d39c1fefba19b91
mail.md 7ac25a637ffa56e75253cb0f1e8221fd211511a8
middleware.md b5f9fe381c86cb461060592940d1663b014614bc
migrations.md 708d963582d7de8c47fcc90aaee9a8925b115515
mocking.md 3852a1a997b71f9463a1e6a4afa41eeb20f6a6a5
notifications.md 7006745e2375ef657458ee0766683f0a1dfafd3d
oauth.md 9039303e5cd8e90fd8082332ead5eaa5f7395580
observability.md de3f7f7d1338f227882550d22989cfd4f3c99ecb
pagination.md fd231b56b033e69a5410442fa9b0eaa92055cd89
parity.md 1edfc6e8265c5efe9774e71a2a4e398027e0a542
payments-frontend.md a30945c178dc4d889dabe8c95793a521e510091e
payments.md f4a35a39d678400f581f031562e1219f55910776
payments-paddle.md 4f86cbaa13c8881c243d377413bb2f9905cca4cb
payments-provider-guide.md bce967a1014bf3f672ee01ba2953a3714d722185
payments-stripe.md 1fdf85d6dac994a89d298c41906ba3b695a8407f
queries.md 915498cfcfb75200f2ad8c84ed5da31903feab8c
queues.md 1a30c7d75bf00ff951dc84395f2ba845d9c1f351
quickstart.md dc07e274d57d87ea6667c4895ed416473d6c7c39
rate-limiting.md d9576054d47dde46a84a860af64797426190dd0a
requests.md 4580d7c5148962b218fda2233df1dcc7a97a2e34
responses.md 609b43438d64715734f2d16b93dcdbeae55d049f
routing.md 317e9aee98aaa5e4781f1dd2b33f76ccf82b4c5b
scheduling.md c57efcb625408f2e53fabd21d808662fc33a29e3
seeding.md 9c2ad505448163535f4dd5365742e471584a70ba
session.md 2c6d30c76ea8b560f102fda20370517aba2431d7
sse.md 4d2b97251b9850d23464080772ae28f691c7c842
starter-kits.md 591a84b84eace6683da5265a7393c32d8bd66692
structure.md bbe5162bd97f191bd0b6821ac00e297a7fa58119
supervisors.md cf6354ee2decb651a11e092c025bc2004125248f
testing.md 1fafc0d96b5154d8b99f9d1e6225363d39e483e2
timeout.md ddfe9b3677a265149357f9b9926351a75b05611e
tutorial-inertia-crud.md 2d22ef6a1c8677705bb98d069c22ccd3beb4e524
tutorial-json-api.md e68423df8f5f014f52b4611784ae9442114218bb
urls.md da5051a9021bb6aa414d1894df94c889e13b6d92
validation.md 9c1ff43cd665ef5635677fd40f07926f944ba48c
vector.md 8748967625526cdf0374febd5cbe3e0eee4c29a7
web-push.md fae3e6b5be72eda5cbb9bbc80d972b9651c06392
websockets.md f72eb41b66df0a202aa6497e43b874a146ce08f2
workflows.md a6a566802293b9da126f01cfa9f9a1f48030f5a9
