# English-manual blob hash each chapter's translations were built from.
# Maintained by scripts/check-manual-translations.sh --stamp; checked by the --full gate.
actions.md 501d2f4fe10266346f86a6bd42884f8ba317f663
authentication.md 4e8aa8c81f9b3aeb006cdd5dc6a28f2e2a527243
auth-flows.md 08fe555d0a1387687f6ada786260a2285bc66b20
authorization.md 206e7bc6b6ecd352d5c8e674d0ba87d2979a6472
bootstrap.md e12bd1eb2bb86157c4a0d67991a7e5e5f53695a7
broadcasting.md bb3c87ef1ff238538992eb12cff5632e66f3eef3
bus.md 8f5eaf5c25abdb5a15490fc3f0487fa7058694a8
cache.md fe454dc211e035486ea6b944950fe88e353f110a
CHANGELOG.md a8d46b00610b5285387666b1ed77f3aa19b19ed0
cli-docker.md 9b0afda6bc8ab529a638da9f23b6ce93d42a4dc3
cli-generators.md 7bcee1e3f28e9c05fdb5dc65da3c83a3a36036b5
cli.md da7df118966ba19a837005ca0a264073d03f2a6e
cli-migrations.md 864833e277a762da3a3049121d0b6cb87df820b7
cli-new.md e91d3c16c49b95e50d347c45c3ce6840f859c52a
cli-scheduling.md 837c5bbb7767380b34c488483f11790f4e5c2690
cli-serve.md 12d47221d6249195723d9878e9a543c224ca9a43
configuration.md 0aa7374c02a2274a7a0ba312352750e257257444
console.md 7d52e3dedd4af43c36a4ebf19964aaed9047fdf7
container.md e9c5d2d3bb8a9a4ea3886f86f2116eb9bdd09d8e
context.md b5a049f735f024a14a188c9243caf31be7cd6542
contributions.md c5f13315d1d48600b086a81d42ba729e5e8288be
controllers.md eedb08880b88586c4169b9ce4b6e9cbce73ce2a5
cors.md b262d45776eb211873c74e5468ebbd3e9e246344
csrf.md 1078d3c024c367477da8ccfd81b85aa995547ede
database.md 2e46a357afa1cdb3148d4105fe76ec3a76a384b7
database-testing.md 3ff3ef1862d7d5b295a667fd94a7e578e3b7ae19
data.md 76f5819f7778641848076477b438b768df5f8e57
deployment-digital-ocean.md e5805210893dd5d691587a799386dd7f374e54c5
deployment-hetzner.md d8e336916574bddca0908d782746070e6171100c
deployment.md 20dc3a37842b82cfb05660ae96add0a0ac36d818
deployment-railway.md 4b636e24de56bdfeff4d6c7b5d72a93afde869a4
development.md 60081411bbdc12db909d3b297e4a669c2275a8a5
dev-tls.md 51a2a6c62d83ca1f023015b86e7fb14e433d5e7f
documentation.md 40e8590ae788905f17421cbf7352dbdc8ba7a564
eloquent-collections.md 0ace9a75c7c08797d17a42d136f51ac81cd6913f
eloquent-factories.md 22a36565bf20ad13d14e4219138bbfea6e17abdc
eloquent.md b636005aacbd2fa113f20c36873399f5f92fcaf5
eloquent-mutators.md 22c704bd9fe936672dcf3663d6d9578f7e483a67
eloquent-relationships.md 0b2cc1fd9ac37c853f69253e68a5cdd780661c70
eloquent-resources.md dc23c68a14436af0d69457c69caf17e7e7fe7de3
eloquent-serialization.md 4f9f60f22ca2d15c68010f960b331da82461bb05
encryption.md 24765d05cf5d4f26ace23dcc3585c56b1f50125c
env-vars.md 531a4fdb2cf5d6c64281c21f321e97e14c416c25
error-model.md 1ed6d6e42c8d5d0e7bd25c86554b3aec8dff8d09
errors.md 521fb08e8085613c9d6f22cba2180047120f91eb
events.md 50dd98a4b98effa9867575c60c1e4557c413cd4d
feature-flags.md ac3973e83ed9d8d28a8daa314e3d248fc8cf4084
filesystem.md 61cd2167fd8ff9751a75b8e20012e2c03a736dd8
from-laravel.md 4fe489b6993288b2d4ffaa55ccc8bf027853945f
from-rust-web.md f62d8003fb12ba3cfdd1ca7648c9de71689aaa02
frontend-inertia-responses.md 7ceb2290f0cceae51a4188e3c0552e2a712f2f37
frontend.md 191c90b9fe8700aa1a05340e1e3bfb4f9cb067f4
frontend-pages.md 59a0f4707e748564bc0e749a32043273e0fd3b08
frontend-typescript-types.md 8306587e9cd6f5cd883f7b707958d51fac587d4a
glossary.md 130e193833e52d2198828b614f276c5837f6135e
hashing.md 657139d9c00f761b318e3a8f6937a544f1113958
http-client.md a78374ee6b2c06bfe28d137f81226902a3fe7e74
http-tests.md 956f9603a48367d7e9600d95a8e2956d9c2b928a
idempotency.md eeb248a69f433e167477e06f5fc2aa7d6e7ef5a0
installation.md a152de466650d99456df740ba1045832db9e00f9
introduction.md b33b24bf66e3d8c130ffdd938b84586d5c111dfe
lifecycle.md d921814c3a53cb3804194ed4bc056e802d2956b5
localization.md c10c3bb0d8fde1ff2ad8b8c0b0a20d0b2b10688a
lock-policy.md b8d6af0507028f0ad2eabfda6dcb4e90e8b00e04
logging.md 61f1601126dce837c97e9bd1cbb1aa33d92d258b
macros.md eb9a6740d9c674053ffb30370cb9c1b7c7318899
mail.md b1e2a15e40dc62e9dbd17627baa09afe7337e729
middleware.md 5720c450c1b1bd92500940c81cc417027ee32587
migrations.md 708d963582d7de8c47fcc90aaee9a8925b115515
mocking.md 2556d0cfe730b60719cb2a100e38b2dc2388cd01
notifications.md 7b526aa2075e3e41d5d3e7fa2d8b52ce959fd6ee
oauth.md 9039303e5cd8e90fd8082332ead5eaa5f7395580
observability.md de3f7f7d1338f227882550d22989cfd4f3c99ecb
pagination.md f58dde868f48ee89f97252d0b747d9a171917636
parity.md 4bfefd77179724196dfb43b69705cb9259a4012a
payments-frontend.md a30945c178dc4d889dabe8c95793a521e510091e
payments.md f4a35a39d678400f581f031562e1219f55910776
payments-paddle.md 4f86cbaa13c8881c243d377413bb2f9905cca4cb
payments-provider-guide.md bce967a1014bf3f672ee01ba2953a3714d722185
payments-stripe.md 1fdf85d6dac994a89d298c41906ba3b695a8407f
queries.md 915498cfcfb75200f2ad8c84ed5da31903feab8c
queues.md c045cb1a41ac7b19bbd789e5d3435cb56b681862
quickstart.md dc07e274d57d87ea6667c4895ed416473d6c7c39
rate-limiting.md d9576054d47dde46a84a860af64797426190dd0a
requests.md 4580d7c5148962b218fda2233df1dcc7a97a2e34
responses.md d63c2c490d5d662d8a8cc3dca0ad1f9055ef6151
routing.md 442a4ed77c73fdc28b1b0de94afca8f7ffb55687
scheduling.md c57efcb625408f2e53fabd21d808662fc33a29e3
seeding.md 9c2ad505448163535f4dd5365742e471584a70ba
session.md 82386665d7b84767b893b0dd1df6c8e2e27acb16
sse.md 5a1877fbeb5eadae3c18c469a4b897eea3a2cd8c
starter-kits.md 591a84b84eace6683da5265a7393c32d8bd66692
structure.md bbe5162bd97f191bd0b6821ac00e297a7fa58119
supervisors.md cf6354ee2decb651a11e092c025bc2004125248f
testing.md d982114b5962ee2a9bcfc244386268b3c1489b4f
timeout.md ddfe9b3677a265149357f9b9926351a75b05611e
tutorial-inertia-crud.md 2d22ef6a1c8677705bb98d069c22ccd3beb4e524
tutorial-json-api.md e68423df8f5f014f52b4611784ae9442114218bb
urls.md 7f7e6c5ca85d59a0252399737639f90de45ba24d
validation.md 1dc2b26687436147cb5b309ab43da2ed13986e46
vector.md 8748967625526cdf0374febd5cbe3e0eee4c29a7
web-push.md fae3e6b5be72eda5cbb9bbc80d972b9651c06392
websockets.md f72eb41b66df0a202aa6497e43b874a146ce08f2
workflows.md a6a566802293b9da126f01cfa9f9a1f48030f5a9
